
Microsoft Visual Studio Solution File, Format Version 12.00
# Visual Studio 2017
Project("{FAE04EC0-301F-11D3-BF4B-00C04F79EFBC}") = "SaveNature", "SaveNature.csproj", "{079B07CF-C24A-4ACD-B5C1-381F997AFEE2}"
EndProject
Global
	GlobalSection(SolutionConfigurationPlatforms) = preSolution
		Debug|Any CPU = Debug|Any CPU
		Release|Any CPU = Release|Any CPU
	EndGlobalSection
	GlobalSection(ProjectConfigurationPlatforms) = postSolution
		{079B07CF-C24A-4ACD-B5C1-381F997AFEE2}.Debug|Any CPU.ActiveCfg = Debug|Any CPU
		{079B07CF-C24A-4ACD-B5C1-381F997AFEE2}.Debug|Any CPU.Build.0 = Debug|Any CPU
		{079B07CF-C24A-4ACD-B5C1-381F997AFEE2}.Release|Any CPU.ActiveCfg = Release|Any CPU
		{079B07CF-C24A-4ACD-B5C1-381F997AFEE2}.Release|Any CPU.Build.0 = Release|Any CPU
	EndGlobalSection
	GlobalSection(SolutionProperties) = preSolution
		HideSolutionNode = FALSE
	EndGlobalSection
EndGlobal
